
Microsoft Visual Studio Solution File, Format Version 12.00
# Visual Studio Version 17
VisualStudioVersion = 17.0.31903.59
MinimumVisualStudioVersion = 10.0.40219.1
Project("{FAE04EC0-301F-11D3-BF4B-00C04F79EFBC}") = "ShopTrack.AppHost", "ShopTrack.AppHost\ShopTrack.AppHost.csproj", "{3EB0AA3F-E73C-4775-BB79-858521F70FA7}"
EndProject
Project("{FAE04EC0-301F-11D3-BF4B-00C04F79EFBC}") = "ShopTrack.Api", "ShopTrack.Api\ShopTrack.Api.csproj", "{27EA2FF2-1973-4152-8CC9-C47B837D50B8}"
EndProject
Project("{FAE04EC0-301F-11D3-BF4B-00C04F79EFBC}") = "ShopTrack.ServiceDefaults", "ShopTrack.ServiceDefaults\ShopTrack.ServiceDefaults.csproj", "{B791BFC3-96B7-4981-B86E-9A17527DDCC9}"
EndProject
Global
	GlobalSection(SolutionConfigurationPlatforms) = preSolution
		Debug|Any CPU = Debug|Any CPU
		Debug|x64 = Debug|x64
		Debug|x86 = Debug|x86
		Release|Any CPU = Release|Any CPU
		Release|x64 = Release|x64
		Release|x86 = Release|x86
	EndGlobalSection
	GlobalSection(ProjectConfigurationPlatforms) = postSolution
		{3EB0AA3F-E73C-4775-BB79-858521F70FA7}.Debug|Any CPU.ActiveCfg = Debug|Any CPU
		{3EB0AA3F-E73C-4775-BB79-858521F70FA7}.Debug|Any CPU.Build.0 = Debug|Any CPU
		{3EB0AA3F-E73C-4775-BB79-858521F70FA7}.Debug|x64.ActiveCfg = Debug|Any CPU
		{3EB0AA3F-E73C-4775-BB79-858521F70FA7}.Debug|x64.Build.0 = Debug|Any CPU
		{3EB0AA3F-E73C-4775-BB79-858521F70FA7}.Debug|x86.ActiveCfg = Debug|Any CPU
		{3EB0AA3F-E73C-4775-BB79-858521F70FA7}.Debug|x86.Build.0 = Debug|Any CPU
		{3EB0AA3F-E73C-4775-BB79-858521F70FA7}.Release|Any CPU.ActiveCfg = Release|Any CPU
		{3EB0AA3F-E73C-4775-BB79-858521F70FA7}.Release|Any CPU.Build.0 = Release|Any CPU
		{3EB0AA3F-E73C-4775-BB79-858521F70FA7}.Release|x64.ActiveCfg = Release|Any CPU
		{3EB0AA3F-E73C-4775-BB79-858521F70FA7}.Release|x64.Build.0 = Release|Any CPU
		{3EB0AA3F-E73C-4775-BB79-858521F70FA7}.Release|x86.ActiveCfg = Release|Any CPU
		{3EB0AA3F-E73C-4775-BB79-858521F70FA7}.Release|x86.Build.0 = Release|Any CPU
		{27EA2FF2-1973-4152-8CC9-C47B837D50B8}.Debug|Any CPU.ActiveCfg = Debug|Any CPU
		{27EA2FF2-1973-4152-8CC9-C47B837D50B8}.Debug|Any CPU.Build.0 = Debug|Any CPU
		{27EA2FF2-1973-4152-8CC9-C47B837D50B8}.Debug|x64.ActiveCfg = Debug|Any CPU
		{27EA2FF2-1973-4152-8CC9-C47B837D50B8}.Debug|x64.Build.0 = Debug|Any CPU
		{27EA2FF2-1973-4152-8CC9-C47B837D50B8}.Debug|x86.ActiveCfg = Debug|Any CPU
		{27EA2FF2-1973-4152-8CC9-C47B837D50B8}.Debug|x86.Build.0 = Debug|Any CPU
		{27EA2FF2-1973-4152-8CC9-C47B837D50B8}.Release|Any CPU.ActiveCfg = Release|Any CPU
		{27EA2FF2-1973-4152-8CC9-C47B837D50B8}.Release|Any CPU.Build.0 = Release|Any CPU
		{27EA2FF2-1973-4152-8CC9-C47B837D50B8}.Release|x64.ActiveCfg = Release|Any CPU
		{27EA2FF2-1973-4152-8CC9-C47B837D50B8}.Release|x64.Build.0 = Release|Any CPU
		{27EA2FF2-1973-4152-8CC9-C47B837D50B8}.Release|x86.ActiveCfg = Release|Any CPU
		{27EA2FF2-1973-4152-8CC9-C47B837D50B8}.Release|x86.Build.0 = Release|Any CPU
		{B791BFC3-96B7-4981-B86E-9A17527DDCC9}.Debug|Any CPU.ActiveCfg = Debug|Any CPU
		{B791BFC3-96B7-4981-B86E-9A17527DDCC9}.Debug|Any CPU.Build.0 = Debug|Any CPU
		{B791BFC3-96B7-4981-B86E-9A17527DDCC9}.Debug|x64.ActiveCfg = Debug|Any CPU
		{B791BFC3-96B7-4981-B86E-9A17527DDCC9}.Debug|x64.Build.0 = Debug|Any CPU
		{B791BFC3-96B7-4981-B86E-9A17527DDCC9}.Debug|x86.ActiveCfg = Debug|Any CPU
		{B791BFC3-96B7-4981-B86E-9A17527DDCC9}.Debug|x86.Build.0 = Debug|Any CPU
		{B791BFC3-96B7-4981-B86E-9A17527DDCC9}.Release|Any CPU.ActiveCfg = Release|Any CPU
		{B791BFC3-96B7-4981-B86E-9A17527DDCC9}.Release|Any CPU.Build.0 = Release|Any CPU
		{B791BFC3-96B7-4981-B86E-9A17527DDCC9}.Release|x64.ActiveCfg = Release|Any CPU
		{B791BFC3-96B7-4981-B86E-9A17527DDCC9}.Release|x64.Build.0 = Release|Any CPU
		{B791BFC3-96B7-4981-B86E-9A17527DDCC9}.Release|x86.ActiveCfg = Release|Any CPU
		{B791BFC3-96B7-4981-B86E-9A17527DDCC9}.Release|x86.Build.0 = Release|Any CPU
	EndGlobalSection
	GlobalSection(SolutionProperties) = preSolution
		HideSolutionNode = FALSE
	EndGlobalSection
EndGlobal
